
Microsoft Visual Studio Solution File, Format Version 12.00
# Visual Studio Version 16
VisualStudioVersion = 16.0.30907.101
MinimumVisualStudioVersion = 10.0.40219.1
Project("{FAE04EC0-301F-11D3-BF4B-00C04F79EFBC}") = "Arrays", "Arrays.csproj", "{AA6C5094-5053-4747-B6FC-07060E401A19}"
EndProject
Global
	GlobalSection(SolutionConfigurationPlatforms) = preSolution
		Debug|Any CPU = Debug|Any CPU
		Release|Any CPU = Release|Any CPU
	EndGlobalSection
	GlobalSection(ProjectConfigurationPlatforms) = postSolution
		{AA6C5094-5053-4747-B6FC-07060E401A19}.Debug|Any CPU.ActiveCfg = Debug|Any CPU
		{AA6C5094-5053-4747-B6FC-07060E401A19}.Debug|Any CPU.Build.0 = Debug|Any CPU
		{AA6C5094-5053-4747-B6FC-07060E401A19}.Release|Any CPU.ActiveCfg = Release|Any CPU
		{AA6C5094-5053-4747-B6FC-07060E401A19}.Release|Any CPU.Build.0 = Release|Any CPU
	EndGlobalSection
	GlobalSection(SolutionProperties) = preSolution
		HideSolutionNode = FALSE
	EndGlobalSection
	GlobalSection(ExtensibilityGlobals) = postSolution
		SolutionGuid = {458F6E92-AC5A-4375-ADCF-C1F166C024F5}
	EndGlobalSection
EndGlobal
